
Microsoft Visual Studio Solution File, Format Version 12.00
# Visual Studio 2015
Project("{FAE04EC0-301F-11D3-BF4B-00C04F79EFBC}") = "UnityVS.Starter Kit.CSharp.Plugins", "UnityVS.Starter Kit.CSharp.Plugins.csproj", "{451D2178-AADC-1E46-B435-A8D684FA0382}"
EndProject
Project("{FAE04EC0-301F-11D3-BF4B-00C04F79EFBC}") = "UnityVS.Starter Kit.CSharp", "UnityVS.Starter Kit.CSharp.csproj", "{B62ED6E9-4D51-0FE6-DC41-A90DCBC8044A}"
EndProject
Project("{FAE04EC0-301F-11D3-BF4B-00C04F79EFBC}") = "UnityVS.Starter Kit.CSharp.Editor", "UnityVS.Starter Kit.CSharp.Editor.csproj", "{92CB3B28-85F1-D487-DFF9-2EFA036883F3}"
EndProject
Global
	GlobalSection(SolutionConfigurationPlatforms) = preSolution
		Debug|Any CPU = Debug|Any CPU
		Release|Any CPU = Release|Any CPU
	EndGlobalSection
	GlobalSection(ProjectConfigurationPlatforms) = postSolution
		{451D2178-AADC-1E46-B435-A8D684FA0382}.Debug|Any CPU.ActiveCfg = Debug|Any CPU
		{451D2178-AADC-1E46-B435-A8D684FA0382}.Debug|Any CPU.Build.0 = Debug|Any CPU
		{451D2178-AADC-1E46-B435-A8D684FA0382}.Release|Any CPU.ActiveCfg = Release|Any CPU
		{451D2178-AADC-1E46-B435-A8D684FA0382}.Release|Any CPU.Build.0 = Release|Any CPU
		{B62ED6E9-4D51-0FE6-DC41-A90DCBC8044A}.Debug|Any CPU.ActiveCfg = Debug|Any CPU
		{B62ED6E9-4D51-0FE6-DC41-A90DCBC8044A}.Debug|Any CPU.Build.0 = Debug|Any CPU
		{B62ED6E9-4D51-0FE6-DC41-A90DCBC8044A}.Release|Any CPU.ActiveCfg = Release|Any CPU
		{B62ED6E9-4D51-0FE6-DC41-A90DCBC8044A}.Release|Any CPU.Build.0 = Release|Any CPU
		{92CB3B28-85F1-D487-DFF9-2EFA036883F3}.Debug|Any CPU.ActiveCfg = Debug|Any CPU
		{92CB3B28-85F1-D487-DFF9-2EFA036883F3}.Debug|Any CPU.Build.0 = Debug|Any CPU
		{92CB3B28-85F1-D487-DFF9-2EFA036883F3}.Release|Any CPU.ActiveCfg = Release|Any CPU
		{92CB3B28-85F1-D487-DFF9-2EFA036883F3}.Release|Any CPU.Build.0 = Release|Any CPU
	EndGlobalSection
	GlobalSection(SolutionProperties) = preSolution
		HideSolutionNode = FALSE
	EndGlobalSection
EndGlobal
